
Microsoft Visual Studio Solution File, Format Version 12.00
# Visual Studio Version 16
VisualStudioVersion = 16.0.31112.23
MinimumVisualStudioVersion = 10.0.40219.1
Project("{FAE04EC0-301F-11D3-BF4B-00C04F79EFBC}") = "AutoConverter", "AutoConverter\AutoConverter.csproj", "{FA7E92FF-6E11-4123-89CE-C4F3D9F7BAB6}"
EndProject
Project("{FAE04EC0-301F-11D3-BF4B-00C04F79EFBC}") = "AutoConverter.BusinessObjects.Core", "AutoConverter.BusinessObjects.Core\AutoConverter.BusinessObjects.Core.csproj", "{B917B3D4-7020-41F3-BF9B-23746126EAAB}"
EndProject
Global
	GlobalSection(SolutionConfigurationPlatforms) = preSolution
		Debug|Any CPU = Debug|Any CPU
		Release|Any CPU = Release|Any CPU
	EndGlobalSection
	GlobalSection(ProjectConfigurationPlatforms) = postSolution
		{FA7E92FF-6E11-4123-89CE-C4F3D9F7BAB6}.Debug|Any CPU.ActiveCfg = Debug|Any CPU
		{FA7E92FF-6E11-4123-89CE-C4F3D9F7BAB6}.Debug|Any CPU.Build.0 = Debug|Any CPU
		{FA7E92FF-6E11-4123-89CE-C4F3D9F7BAB6}.Release|Any CPU.ActiveCfg = Release|Any CPU
		{FA7E92FF-6E11-4123-89CE-C4F3D9F7BAB6}.Release|Any CPU.Build.0 = Release|Any CPU
		{B917B3D4-7020-41F3-BF9B-23746126EAAB}.Debug|Any CPU.ActiveCfg = Debug|Any CPU
		{B917B3D4-7020-41F3-BF9B-23746126EAAB}.Debug|Any CPU.Build.0 = Debug|Any CPU
		{B917B3D4-7020-41F3-BF9B-23746126EAAB}.Release|Any CPU.ActiveCfg = Release|Any CPU
		{B917B3D4-7020-41F3-BF9B-23746126EAAB}.Release|Any CPU.Build.0 = Release|Any CPU
	EndGlobalSection
	GlobalSection(SolutionProperties) = preSolution
		HideSolutionNode = FALSE
	EndGlobalSection
	GlobalSection(ExtensibilityGlobals) = postSolution
		SolutionGuid = {D2E0527F-7823-4891-A4FF-0C642548BBAF}
	EndGlobalSection
	GlobalSection(Performance) = preSolution
		HasPerformanceSessions = true
	EndGlobalSection
EndGlobal
